
Microsoft Visual Studio Solution File, Format Version 12.00
# Visual Studio 15
Project("{FAE04EC0-301F-11D3-BF4B-00C04F79EFBC}") = "Gitbulker.Service", "Gitbulker.Service\Gitbulker.Service.csproj", "{18F1880D-8C6F-400F-A572-E86EC39976DE}"
EndProject
Project("{FAE04EC0-301F-11D3-BF4B-00C04F79EFBC}") = "Gitbulker.Model", "Gitbulker.Model\Gitbulker.Model.csproj", "{38BD9F5C-5035-480D-8960-BEB46057AFDA}"
EndProject
Project("{2150E333-8FDC-42A3-9474-1A3956D46DE8}") = "Deployments", "Deployments", "{AA7C4C03-699B-4711-A625-B2C86D2F90AC}"
	ProjectSection(SolutionItems) = preProject
		docker-compose.yml = docker-compose.yml
	EndProjectSection
EndProject
Project("{FAE04EC0-301F-11D3-BF4B-00C04F79EFBC}") = "Gitbulker.Core", "Gitbulker.Core\Gitbulker.Core.csproj", "{828784C4-3766-4C6D-8E00-CD9C7806838D}"
EndProject
Project("{FAE04EC0-301F-11D3-BF4B-00C04F79EFBC}") = "Gitbulker.Api", "Gitbulker.Api\Gitbulker.Api.csproj", "{51E1878A-25BD-4307-95C2-4F472F6D8143}"
EndProject
Project("{FAE04EC0-301F-11D3-BF4B-00C04F79EFBC}") = "Gitbulker.Repository", "Gitbulker.Repository\Gitbulker.Repository.csproj", "{9FC5CE42-4213-475E-A4C7-9468A9A377EB}"
EndProject
Global
	GlobalSection(SolutionConfigurationPlatforms) = preSolution
		Debug|Any CPU = Debug|Any CPU
		Release|Any CPU = Release|Any CPU
	EndGlobalSection
	GlobalSection(ProjectConfigurationPlatforms) = postSolution
		{18F1880D-8C6F-400F-A572-E86EC39976DE}.Debug|Any CPU.ActiveCfg = Debug|Any CPU
		{18F1880D-8C6F-400F-A572-E86EC39976DE}.Debug|Any CPU.Build.0 = Debug|Any CPU
		{18F1880D-8C6F-400F-A572-E86EC39976DE}.Release|Any CPU.ActiveCfg = Release|Any CPU
		{18F1880D-8C6F-400F-A572-E86EC39976DE}.Release|Any CPU.Build.0 = Release|Any CPU
		{38BD9F5C-5035-480D-8960-BEB46057AFDA}.Debug|Any CPU.ActiveCfg = Debug|Any CPU
		{38BD9F5C-5035-480D-8960-BEB46057AFDA}.Debug|Any CPU.Build.0 = Debug|Any CPU
		{38BD9F5C-5035-480D-8960-BEB46057AFDA}.Release|Any CPU.ActiveCfg = Release|Any CPU
		{38BD9F5C-5035-480D-8960-BEB46057AFDA}.Release|Any CPU.Build.0 = Release|Any CPU
		{828784C4-3766-4C6D-8E00-CD9C7806838D}.Debug|Any CPU.ActiveCfg = Debug|Any CPU
		{828784C4-3766-4C6D-8E00-CD9C7806838D}.Debug|Any CPU.Build.0 = Debug|Any CPU
		{828784C4-3766-4C6D-8E00-CD9C7806838D}.Release|Any CPU.ActiveCfg = Release|Any CPU
		{828784C4-3766-4C6D-8E00-CD9C7806838D}.Release|Any CPU.Build.0 = Release|Any CPU
		{51E1878A-25BD-4307-95C2-4F472F6D8143}.Debug|Any CPU.ActiveCfg = Debug|Any CPU
		{51E1878A-25BD-4307-95C2-4F472F6D8143}.Debug|Any CPU.Build.0 = Debug|Any CPU
		{51E1878A-25BD-4307-95C2-4F472F6D8143}.Release|Any CPU.ActiveCfg = Release|Any CPU
		{51E1878A-25BD-4307-95C2-4F472F6D8143}.Release|Any CPU.Build.0 = Release|Any CPU
		{9FC5CE42-4213-475E-A4C7-9468A9A377EB}.Debug|Any CPU.ActiveCfg = Debug|Any CPU
		{9FC5CE42-4213-475E-A4C7-9468A9A377EB}.Debug|Any CPU.Build.0 = Debug|Any CPU
		{9FC5CE42-4213-475E-A4C7-9468A9A377EB}.Release|Any CPU.ActiveCfg = Release|Any CPU
		{9FC5CE42-4213-475E-A4C7-9468A9A377EB}.Release|Any CPU.Build.0 = Release|Any CPU
	EndGlobalSection
EndGlobal
